
Microsoft Visual Studio Solution File, Format Version 12.00
# Visual Studio Version 17
VisualStudioVersion = 17.14.36221.1 d17.14
MinimumVisualStudioVersion = 10.0.40219.1
Project("{FAE04EC0-301F-11D3-BF4B-00C04F79EFBC}") = "XLQuickTools-Lite", "XLQuickTools-Lite\XLQuickTools-Lite.csproj", "{2BC2FB04-4C46-4C53-923A-F9F365BB9108}"
EndProject
Project("{FAE04EC0-301F-11D3-BF4B-00C04F79EFBC}") = "XLQuickTools-LiteWeb", "XLQuickTools-LiteWeb\XLQuickTools-LiteWeb.csproj", "{47CFCABD-611C-4140-B803-6E547BC00878}"
EndProject
Global
	GlobalSection(SolutionConfigurationPlatforms) = preSolution
		Debug|Any CPU = Debug|Any CPU
		Release|Any CPU = Release|Any CPU
	EndGlobalSection
	GlobalSection(ProjectConfigurationPlatforms) = postSolution
		{2BC2FB04-4C46-4C53-923A-F9F365BB9108}.Debug|Any CPU.ActiveCfg = Debug|Any CPU
		{2BC2FB04-4C46-4C53-923A-F9F365BB9108}.Debug|Any CPU.Build.0 = Debug|Any CPU
		{2BC2FB04-4C46-4C53-923A-F9F365BB9108}.Debug|Any CPU.Deploy.0 = Debug|Any CPU
		{2BC2FB04-4C46-4C53-923A-F9F365BB9108}.Release|Any CPU.ActiveCfg = Release|Any CPU
		{2BC2FB04-4C46-4C53-923A-F9F365BB9108}.Release|Any CPU.Build.0 = Release|Any CPU
		{2BC2FB04-4C46-4C53-923A-F9F365BB9108}.Release|Any CPU.Deploy.0 = Release|Any CPU
		{47CFCABD-611C-4140-B803-6E547BC00878}.Debug|Any CPU.ActiveCfg = Debug|Any CPU
		{47CFCABD-611C-4140-B803-6E547BC00878}.Debug|Any CPU.Build.0 = Debug|Any CPU
		{47CFCABD-611C-4140-B803-6E547BC00878}.Release|Any CPU.ActiveCfg = Release|Any CPU
		{47CFCABD-611C-4140-B803-6E547BC00878}.Release|Any CPU.Build.0 = Release|Any CPU
	EndGlobalSection
	GlobalSection(SolutionProperties) = preSolution
		HideSolutionNode = FALSE
	EndGlobalSection
	GlobalSection(ExtensibilityGlobals) = postSolution
		SolutionGuid = {700BDEBE-256A-4C83-AFF5-68F14B50D856}
	EndGlobalSection
EndGlobal
